
Microsoft Visual Studio Solution File, Format Version 12.00
# Visual Studio 15
VisualStudioVersion = 15.0.28307.852
MinimumVisualStudioVersion = 10.0.40219.1
Project("{9A19103F-16F7-4668-BE54-9A1E7A4F7556}") = "MyBlog.Core.IRepository", "MyBlog.Core.IRepository\MyBlog.Core.IRepository.csproj", "{C0F1F2C2-B4FD-4A45-9960-B30E4B895740}"
EndProject
Project("{9A19103F-16F7-4668-BE54-9A1E7A4F7556}") = "MyBlog.Core.Model", "MyBlog.Core.Model\MyBlog.Core.Model.csproj", "{5E1F4B07-970C-413E-902D-D90068E29AAE}"
EndProject
Project("{9A19103F-16F7-4668-BE54-9A1E7A4F7556}") = "MyBlog.Core.IServices", "MyBlog.Core.IServices\MyBlog.Core.IServices.csproj", "{CF995331-9073-466B-A7B3-B5877509FCF2}"
EndProject
Project("{9A19103F-16F7-4668-BE54-9A1E7A4F7556}") = "MyBlog.Core.Repository", "MyBlog.Core.Repository\MyBlog.Core.Repository.csproj", "{85C45DE8-189D-497E-A4B2-BC43E54B37E6}"
EndProject
Project("{9A19103F-16F7-4668-BE54-9A1E7A4F7556}") = "MyBlog.Core.Services", "MyBlog.Core.Services\MyBlog.Core.Services.csproj", "{F78817AD-7427-4333-8929-B74FDB712923}"
EndProject
Project("{9A19103F-16F7-4668-BE54-9A1E7A4F7556}") = "SqlSugarBuildService", "SqlSugarBuildService\SqlSugarBuildService.csproj", "{95252215-D49D-4A56-9D0C-CDAD055D3F60}"
EndProject
Project("{9A19103F-16F7-4668-BE54-9A1E7A4F7556}") = "MyBlog.Core.Common", "MyBlog.Core.Common\MyBlog.Core.Common.csproj", "{16DE7FAD-0DA2-4B1F-BCC6-54E61B64A5FE}"
EndProject
Project("{9A19103F-16F7-4668-BE54-9A1E7A4F7556}") = "MyBlog.Core.Web", "MyBlog.Core.Web\MyBlog.Core.Web.csproj", "{BE21774D-0473-4C30-B8F0-76C6705DE234}"
EndProject
Project("{FAE04EC0-301F-11D3-BF4B-00C04F79EFBC}") = "MyBlog.Core.Test", "MyBlog.Core.Test\MyBlog.Core.Test.csproj", "{B88B4681-2A0D-487C-AA9D-3727E10E8EEA}"
EndProject
Global
	GlobalSection(SolutionConfigurationPlatforms) = preSolution
		Debug|Any CPU = Debug|Any CPU
		Release|Any CPU = Release|Any CPU
	EndGlobalSection
	GlobalSection(ProjectConfigurationPlatforms) = postSolution
		{C0F1F2C2-B4FD-4A45-9960-B30E4B895740}.Debug|Any CPU.ActiveCfg = Debug|Any CPU
		{C0F1F2C2-B4FD-4A45-9960-B30E4B895740}.Debug|Any CPU.Build.0 = Debug|Any CPU
		{C0F1F2C2-B4FD-4A45-9960-B30E4B895740}.Release|Any CPU.ActiveCfg = Release|Any CPU
		{C0F1F2C2-B4FD-4A45-9960-B30E4B895740}.Release|Any CPU.Build.0 = Release|Any CPU
		{5E1F4B07-970C-413E-902D-D90068E29AAE}.Debug|Any CPU.ActiveCfg = Debug|Any CPU
		{5E1F4B07-970C-413E-902D-D90068E29AAE}.Debug|Any CPU.Build.0 = Debug|Any CPU
		{5E1F4B07-970C-413E-902D-D90068E29AAE}.Release|Any CPU.ActiveCfg = Release|Any CPU
		{5E1F4B07-970C-413E-902D-D90068E29AAE}.Release|Any CPU.Build.0 = Release|Any CPU
		{CF995331-9073-466B-A7B3-B5877509FCF2}.Debug|Any CPU.ActiveCfg = Debug|Any CPU
		{CF995331-9073-466B-A7B3-B5877509FCF2}.Debug|Any CPU.Build.0 = Debug|Any CPU
		{CF995331-9073-466B-A7B3-B5877509FCF2}.Release|Any CPU.ActiveCfg = Release|Any CPU
		{CF995331-9073-466B-A7B3-B5877509FCF2}.Release|Any CPU.Build.0 = Release|Any CPU
		{85C45DE8-189D-497E-A4B2-BC43E54B37E6}.Debug|Any CPU.ActiveCfg = Debug|Any CPU
		{85C45DE8-189D-497E-A4B2-BC43E54B37E6}.Debug|Any CPU.Build.0 = Debug|Any CPU
		{85C45DE8-189D-497E-A4B2-BC43E54B37E6}.Release|Any CPU.ActiveCfg = Release|Any CPU
		{85C45DE8-189D-497E-A4B2-BC43E54B37E6}.Release|Any CPU.Build.0 = Release|Any CPU
		{F78817AD-7427-4333-8929-B74FDB712923}.Debug|Any CPU.ActiveCfg = Debug|Any CPU
		{F78817AD-7427-4333-8929-B74FDB712923}.Debug|Any CPU.Build.0 = Debug|Any CPU
		{F78817AD-7427-4333-8929-B74FDB712923}.Release|Any CPU.ActiveCfg = Release|Any CPU
		{F78817AD-7427-4333-8929-B74FDB712923}.Release|Any CPU.Build.0 = Release|Any CPU
		{95252215-D49D-4A56-9D0C-CDAD055D3F60}.Debug|Any CPU.ActiveCfg = Debug|Any CPU
		{95252215-D49D-4A56-9D0C-CDAD055D3F60}.Debug|Any CPU.Build.0 = Debug|Any CPU
		{95252215-D49D-4A56-9D0C-CDAD055D3F60}.Release|Any CPU.ActiveCfg = Release|Any CPU
		{95252215-D49D-4A56-9D0C-CDAD055D3F60}.Release|Any CPU.Build.0 = Release|Any CPU
		{16DE7FAD-0DA2-4B1F-BCC6-54E61B64A5FE}.Debug|Any CPU.ActiveCfg = Debug|Any CPU
		{16DE7FAD-0DA2-4B1F-BCC6-54E61B64A5FE}.Debug|Any CPU.Build.0 = Debug|Any CPU
		{16DE7FAD-0DA2-4B1F-BCC6-54E61B64A5FE}.Release|Any CPU.ActiveCfg = Release|Any CPU
		{16DE7FAD-0DA2-4B1F-BCC6-54E61B64A5FE}.Release|Any CPU.Build.0 = Release|Any CPU
		{BE21774D-0473-4C30-B8F0-76C6705DE234}.Debug|Any CPU.ActiveCfg = Debug|Any CPU
		{BE21774D-0473-4C30-B8F0-76C6705DE234}.Debug|Any CPU.Build.0 = Debug|Any CPU
		{BE21774D-0473-4C30-B8F0-76C6705DE234}.Release|Any CPU.ActiveCfg = Release|Any CPU
		{BE21774D-0473-4C30-B8F0-76C6705DE234}.Release|Any CPU.Build.0 = Release|Any CPU
		{B88B4681-2A0D-487C-AA9D-3727E10E8EEA}.Debug|Any CPU.ActiveCfg = Debug|Any CPU
		{B88B4681-2A0D-487C-AA9D-3727E10E8EEA}.Debug|Any CPU.Build.0 = Debug|Any CPU
		{B88B4681-2A0D-487C-AA9D-3727E10E8EEA}.Release|Any CPU.ActiveCfg = Release|Any CPU
		{B88B4681-2A0D-487C-AA9D-3727E10E8EEA}.Release|Any CPU.Build.0 = Release|Any CPU
	EndGlobalSection
	GlobalSection(SolutionProperties) = preSolution
		HideSolutionNode = FALSE
	EndGlobalSection
	GlobalSection(ExtensibilityGlobals) = postSolution
		SolutionGuid = {50B0963B-03D0-423D-90F0-2B170A605240}
	EndGlobalSection
EndGlobal
